
Microsoft Visual Studio Solution File, Format Version 12.00
# Visual Studio Version 16
VisualStudioVersion = 16.0.29519.181
MinimumVisualStudioVersion = 10.0.40219.1
Project("{2150E333-8FDC-42A3-9474-1A3956D46DE8}") = "Src", "Src", "{90BAB89B-24DC-45EA-866B-8DD1250BF2FD}"
EndProject
Project("{2150E333-8FDC-42A3-9474-1A3956D46DE8}") = "Common", "Common", "{E5C77102-3406-47CB-97D0-CE863DB1928D}"
EndProject
Project("{2150E333-8FDC-42A3-9474-1A3956D46DE8}") = "Core", "Core", "{7697C6CE-835B-4F10-B63C-32979BA933D5}"
EndProject
Project("{2150E333-8FDC-42A3-9474-1A3956D46DE8}") = "Infrastructure", "Infrastructure", "{353562A6-7843-473C-958A-4FBCF2241EF4}"
EndProject
Project("{2150E333-8FDC-42A3-9474-1A3956D46DE8}") = "Presentation", "Presentation", "{E2852698-C209-47DC-810A-E89E48311C5E}"
EndProject
Project("{2150E333-8FDC-42A3-9474-1A3956D46DE8}") = "Tests", "Tests", "{38D368F2-B7BC-4C54-9F41-F53214DB67A1}"
EndProject
Project("{9A19103F-16F7-4668-BE54-9A1E7A4F7556}") = "Library.Common", "Library.Common\Library.Common.csproj", "{3268E255-1E6A-43F8-B744-B5B64432D259}"
EndProject
Project("{9A19103F-16F7-4668-BE54-9A1E7A4F7556}") = "Library.Application", "Library.Application\Library.Application.csproj", "{A9376451-0910-42DA-9A72-49581996BDD8}"
EndProject
Project("{9A19103F-16F7-4668-BE54-9A1E7A4F7556}") = "Library.Infrastructure", "Library.Infrastructure\Library.Infrastructure.csproj", "{B2D9609C-C07C-47E4-840D-DF9CFA07F021}"
EndProject
Project("{9A19103F-16F7-4668-BE54-9A1E7A4F7556}") = "Library.Persistence", "Library.Persistence\Library.Persistence.csproj", "{D3393995-351B-4E8F-8A93-736DCDC27A40}"
EndProject
Project("{9A19103F-16F7-4668-BE54-9A1E7A4F7556}") = "Library.Application.Tests", "Library.Application.Tests\Library.Application.Tests.csproj", "{339FF00F-6F7B-4BF1-ABC3-5BFE2F7BE5A9}"
EndProject
Project("{9A19103F-16F7-4668-BE54-9A1E7A4F7556}") = "Library.Domain.Tests", "Library.Domain.Tests\Library.Domain.Tests.csproj", "{B46F0860-DD49-43E6-937D-C8381232AAA4}"
EndProject
Project("{9A19103F-16F7-4668-BE54-9A1E7A4F7556}") = "Library.Domain", "Library.Domain\Library.Domain.csproj", "{CA74A49C-0BCA-49FD-B167-6410B02BFB32}"
EndProject
Project("{FAE04EC0-301F-11D3-BF4B-00C04F79EFBC}") = "Library.Server", "Library.Server\Library.Server.csproj", "{74760CD2-082D-4562-AE79-2C01481AFF23}"
EndProject
Project("{FAE04EC0-301F-11D3-BF4B-00C04F79EFBC}") = "Library.Client", "Library.Client\Library.Client.csproj", "{099F39A5-2C50-412D-B310-AACB7A0015DE}"
EndProject
Global
	GlobalSection(SolutionConfigurationPlatforms) = preSolution
		Debug|Any CPU = Debug|Any CPU
		Release|Any CPU = Release|Any CPU
	EndGlobalSection
	GlobalSection(ProjectConfigurationPlatforms) = postSolution
		{3268E255-1E6A-43F8-B744-B5B64432D259}.Debug|Any CPU.ActiveCfg = Debug|Any CPU
		{3268E255-1E6A-43F8-B744-B5B64432D259}.Debug|Any CPU.Build.0 = Debug|Any CPU
		{3268E255-1E6A-43F8-B744-B5B64432D259}.Release|Any CPU.ActiveCfg = Release|Any CPU
		{3268E255-1E6A-43F8-B744-B5B64432D259}.Release|Any CPU.Build.0 = Release|Any CPU
		{A9376451-0910-42DA-9A72-49581996BDD8}.Debug|Any CPU.ActiveCfg = Debug|Any CPU
		{A9376451-0910-42DA-9A72-49581996BDD8}.Debug|Any CPU.Build.0 = Debug|Any CPU
		{A9376451-0910-42DA-9A72-49581996BDD8}.Release|Any CPU.ActiveCfg = Release|Any CPU
		{A9376451-0910-42DA-9A72-49581996BDD8}.Release|Any CPU.Build.0 = Release|Any CPU
		{B2D9609C-C07C-47E4-840D-DF9CFA07F021}.Debug|Any CPU.ActiveCfg = Debug|Any CPU
		{B2D9609C-C07C-47E4-840D-DF9CFA07F021}.Debug|Any CPU.Build.0 = Debug|Any CPU
		{B2D9609C-C07C-47E4-840D-DF9CFA07F021}.Release|Any CPU.ActiveCfg = Release|Any CPU
		{B2D9609C-C07C-47E4-840D-DF9CFA07F021}.Release|Any CPU.Build.0 = Release|Any CPU
		{D3393995-351B-4E8F-8A93-736DCDC27A40}.Debug|Any CPU.ActiveCfg = Debug|Any CPU
		{D3393995-351B-4E8F-8A93-736DCDC27A40}.Debug|Any CPU.Build.0 = Debug|Any CPU
		{D3393995-351B-4E8F-8A93-736DCDC27A40}.Release|Any CPU.ActiveCfg = Release|Any CPU
		{D3393995-351B-4E8F-8A93-736DCDC27A40}.Release|Any CPU.Build.0 = Release|Any CPU
		{339FF00F-6F7B-4BF1-ABC3-5BFE2F7BE5A9}.Debug|Any CPU.ActiveCfg = Debug|Any CPU
		{339FF00F-6F7B-4BF1-ABC3-5BFE2F7BE5A9}.Debug|Any CPU.Build.0 = Debug|Any CPU
		{339FF00F-6F7B-4BF1-ABC3-5BFE2F7BE5A9}.Release|Any CPU.ActiveCfg = Release|Any CPU
		{339FF00F-6F7B-4BF1-ABC3-5BFE2F7BE5A9}.Release|Any CPU.Build.0 = Release|Any CPU
		{B46F0860-DD49-43E6-937D-C8381232AAA4}.Debug|Any CPU.ActiveCfg = Debug|Any CPU
		{B46F0860-DD49-43E6-937D-C8381232AAA4}.Debug|Any CPU.Build.0 = Debug|Any CPU
		{B46F0860-DD49-43E6-937D-C8381232AAA4}.Release|Any CPU.ActiveCfg = Release|Any CPU
		{B46F0860-DD49-43E6-937D-C8381232AAA4}.Release|Any CPU.Build.0 = Release|Any CPU
		{CA74A49C-0BCA-49FD-B167-6410B02BFB32}.Debug|Any CPU.ActiveCfg = Debug|Any CPU
		{CA74A49C-0BCA-49FD-B167-6410B02BFB32}.Debug|Any CPU.Build.0 = Debug|Any CPU
		{CA74A49C-0BCA-49FD-B167-6410B02BFB32}.Release|Any CPU.ActiveCfg = Release|Any CPU
		{CA74A49C-0BCA-49FD-B167-6410B02BFB32}.Release|Any CPU.Build.0 = Release|Any CPU
		{74760CD2-082D-4562-AE79-2C01481AFF23}.Debug|Any CPU.ActiveCfg = Debug|Any CPU
		{74760CD2-082D-4562-AE79-2C01481AFF23}.Debug|Any CPU.Build.0 = Debug|Any CPU
		{74760CD2-082D-4562-AE79-2C01481AFF23}.Release|Any CPU.ActiveCfg = Release|Any CPU
		{74760CD2-082D-4562-AE79-2C01481AFF23}.Release|Any CPU.Build.0 = Release|Any CPU
		{099F39A5-2C50-412D-B310-AACB7A0015DE}.Debug|Any CPU.ActiveCfg = Debug|Any CPU
		{099F39A5-2C50-412D-B310-AACB7A0015DE}.Debug|Any CPU.Build.0 = Debug|Any CPU
		{099F39A5-2C50-412D-B310-AACB7A0015DE}.Release|Any CPU.ActiveCfg = Release|Any CPU
		{099F39A5-2C50-412D-B310-AACB7A0015DE}.Release|Any CPU.Build.0 = Release|Any CPU
	EndGlobalSection
	GlobalSection(SolutionProperties) = preSolution
		HideSolutionNode = FALSE
	EndGlobalSection
	GlobalSection(NestedProjects) = preSolution
		{E5C77102-3406-47CB-97D0-CE863DB1928D} = {90BAB89B-24DC-45EA-866B-8DD1250BF2FD}
		{7697C6CE-835B-4F10-B63C-32979BA933D5} = {90BAB89B-24DC-45EA-866B-8DD1250BF2FD}
		{353562A6-7843-473C-958A-4FBCF2241EF4} = {90BAB89B-24DC-45EA-866B-8DD1250BF2FD}
		{E2852698-C209-47DC-810A-E89E48311C5E} = {90BAB89B-24DC-45EA-866B-8DD1250BF2FD}
		{3268E255-1E6A-43F8-B744-B5B64432D259} = {E5C77102-3406-47CB-97D0-CE863DB1928D}
		{A9376451-0910-42DA-9A72-49581996BDD8} = {7697C6CE-835B-4F10-B63C-32979BA933D5}
		{B2D9609C-C07C-47E4-840D-DF9CFA07F021} = {353562A6-7843-473C-958A-4FBCF2241EF4}
		{D3393995-351B-4E8F-8A93-736DCDC27A40} = {353562A6-7843-473C-958A-4FBCF2241EF4}
		{339FF00F-6F7B-4BF1-ABC3-5BFE2F7BE5A9} = {38D368F2-B7BC-4C54-9F41-F53214DB67A1}
		{B46F0860-DD49-43E6-937D-C8381232AAA4} = {38D368F2-B7BC-4C54-9F41-F53214DB67A1}
		{CA74A49C-0BCA-49FD-B167-6410B02BFB32} = {7697C6CE-835B-4F10-B63C-32979BA933D5}
		{74760CD2-082D-4562-AE79-2C01481AFF23} = {E2852698-C209-47DC-810A-E89E48311C5E}
		{099F39A5-2C50-412D-B310-AACB7A0015DE} = {E2852698-C209-47DC-810A-E89E48311C5E}
	EndGlobalSection
	GlobalSection(ExtensibilityGlobals) = postSolution
		SolutionGuid = {8F31FADE-A6E2-492B-B6E0-622E097BA6BB}
	EndGlobalSection
EndGlobal
